schema: '2.0'
stages:
  prepare:
    cmd: python src/prepare.py
    deps:
    - path: src/prepare.py
      hash: md5
      md5: 490e1b2ccca7a1a5a613f28f7a70324b
      size: 372
    outs:
    - path: data/raw
      hash: md5
      md5: ce8685a23dfdb9d880edfa3a578e7adc.dir
      size: 30869925
      nfiles: 1
  preprocess:
    cmd: python src/preprocess.py
    deps:
    - path: data/raw
      hash: md5
      md5: ce8685a23dfdb9d880edfa3a578e7adc.dir
      size: 30869925
      nfiles: 1
    - path: src/preprocess.py
      hash: md5
      md5: 0023477ab91216e1bc5bcd82a050552b
      size: 846
    params:
      params.yaml:
        preprocess.seed: 42
        preprocess.test_size: 0.1
    outs:
    - path: data/processed
      hash: md5
      md5: 020a44e707781b0233060546898f95dd.dir
      size: 45148149
      nfiles: 1
  train:
    cmd: python src/train.py
    deps:
    - path: data/processed
      hash: md5
      md5: 020a44e707781b0233060546898f95dd.dir
      size: 45148149
      nfiles: 1
    - path: src/train.py
      hash: md5
      md5: 663d250d30b3c8828f4bf439f104651e
      size: 938
    params:
      params.yaml:
        train:
          dense_units: 256
          dropout_rate: 0.2
          learning_rate: 0.001
          epochs: 20
          batch_size: 64
          seed: 42
    outs:
    - path: models
      hash: md5
      md5: 07e95a5c8231ac9cefe4a43bbc5869f5.dir
      size: 2468493
      nfiles: 2
  evaluate:
    cmd: python src/evaluate.py
    deps:
    - path: data/processed
      hash: md5
      md5: 020a44e707781b0233060546898f95dd.dir
      size: 45148149
      nfiles: 1
    - path: models/model.h5
      hash: md5
      md5: f0e8b884dc5b516348faab355b5a0a47
      size: 2466904
    - path: src/evaluate.py
      hash: md5
      md5: 2441f6e937d05b1b7c5d8f1219f22fa1
      size: 825
    outs:
    - path: metrics.json
      hash: md5
      md5: bdafab13957fb66a0a8aeeb106c0c651
      size: 78
    - path: reports/confusion_matrix.png
      hash: md5
      md5: ad4125315285f361e63179363df8f19b
      size: 54106
